
Microsoft Visual Studio Solution File, Format Version 12.00
# Visual Studio Version 16
VisualStudioVersion = 16.0.31205.134
MinimumVisualStudioVersion = 10.0.40219.1
Project("{FAE04EC0-301F-11D3-BF4B-00C04F79EFBC}") = "fukuv0609", "fukuv0609\fukuv0609.csproj", "{2B3696CE-84C8-46D2-AE9D-E9808FF80852}"
EndProject
Global
	GlobalSection(SolutionConfigurationPlatforms) = preSolution
		Debug|Any CPU = Debug|Any CPU
		Release|Any CPU = Release|Any CPU
	EndGlobalSection
	GlobalSection(ProjectConfigurationPlatforms) = postSolution
		{2B3696CE-84C8-46D2-AE9D-E9808FF80852}.Debug|Any CPU.ActiveCfg = Debug|Any CPU
		{2B3696CE-84C8-46D2-AE9D-E9808FF80852}.Debug|Any CPU.Build.0 = Debug|Any CPU
		{2B3696CE-84C8-46D2-AE9D-E9808FF80852}.Release|Any CPU.ActiveCfg = Release|Any CPU
		{2B3696CE-84C8-46D2-AE9D-E9808FF80852}.Release|Any CPU.Build.0 = Release|Any CPU
	EndGlobalSection
	GlobalSection(SolutionProperties) = preSolution
		HideSolutionNode = FALSE
	EndGlobalSection
	GlobalSection(ExtensibilityGlobals) = postSolution
		SolutionGuid = {8BBC40A7-D601-4BEB-9E7B-502805E91062}
	EndGlobalSection
EndGlobal
